
Microsoft Visual Studio Solution File, Format Version 12.00
# Visual Studio Version 16
VisualStudioVersion = 16.0.34114.132
MinimumVisualStudioVersion = 10.0.40219.1
Project("{FAE04EC0-301F-11D3-BF4B-00C04F79EFBC}") = "ShoeWeb", "ShoeWeb\ShoeWeb.csproj", "{0A0ABFB4-C4AD-4F57-93C5-5D355629C063}"
EndProject
Global
	GlobalSection(SolutionConfigurationPlatforms) = preSolution
		Debug|Any CPU = Debug|Any CPU
		Release|Any CPU = Release|Any CPU
	EndGlobalSection
	GlobalSection(ProjectConfigurationPlatforms) = postSolution
		{0A0ABFB4-C4AD-4F57-93C5-5D355629C063}.Debug|Any CPU.ActiveCfg = Debug|Any CPU
		{0A0ABFB4-C4AD-4F57-93C5-5D355629C063}.Debug|Any CPU.Build.0 = Debug|Any CPU
		{0A0ABFB4-C4AD-4F57-93C5-5D355629C063}.Release|Any CPU.ActiveCfg = Release|Any CPU
		{0A0ABFB4-C4AD-4F57-93C5-5D355629C063}.Release|Any CPU.Build.0 = Release|Any CPU
	EndGlobalSection
	GlobalSection(SolutionProperties) = preSolution
		HideSolutionNode = FALSE
	EndGlobalSection
	GlobalSection(ExtensibilityGlobals) = postSolution
		SolutionGuid = {913FD0BB-23C6-4143-B543-B7E2A064C71A}
	EndGlobalSection
EndGlobal
